
Microsoft Visual Studio Solution File, Format Version 12.00
# Visual Studio Version 16
VisualStudioVersion = 16.0.29418.71
MinimumVisualStudioVersion = 10.0.40219.1
Project("{FAE04EC0-301F-11D3-BF4B-00C04F79EFBC}") = "WebApp", "WebApp\WebApp.csproj", "{226865B1-5F30-40CD-BB36-4F672E7238DC}"
EndProject
Project("{FAE04EC0-301F-11D3-BF4B-00C04F79EFBC}") = "Context", "Context\Context.csproj", "{69E76023-B646-4F69-9589-F99A71A84507}"
EndProject
Project("{FAE04EC0-301F-11D3-BF4B-00C04F79EFBC}") = "Services", "Services\Services.csproj", "{74F81B8D-6DB5-430E-808F-696DE19065B2}"
EndProject
Global
	GlobalSection(SolutionConfigurationPlatforms) = preSolution
		Debug|Any CPU = Debug|Any CPU
		Release|Any CPU = Release|Any CPU
	EndGlobalSection
	GlobalSection(ProjectConfigurationPlatforms) = postSolution
		{226865B1-5F30-40CD-BB36-4F672E7238DC}.Debug|Any CPU.ActiveCfg = Debug|Any CPU
		{226865B1-5F30-40CD-BB36-4F672E7238DC}.Debug|Any CPU.Build.0 = Debug|Any CPU
		{226865B1-5F30-40CD-BB36-4F672E7238DC}.Release|Any CPU.ActiveCfg = Release|Any CPU
		{226865B1-5F30-40CD-BB36-4F672E7238DC}.Release|Any CPU.Build.0 = Release|Any CPU
		{69E76023-B646-4F69-9589-F99A71A84507}.Debug|Any CPU.ActiveCfg = Debug|Any CPU
		{69E76023-B646-4F69-9589-F99A71A84507}.Debug|Any CPU.Build.0 = Debug|Any CPU
		{69E76023-B646-4F69-9589-F99A71A84507}.Release|Any CPU.ActiveCfg = Release|Any CPU
		{69E76023-B646-4F69-9589-F99A71A84507}.Release|Any CPU.Build.0 = Release|Any CPU
		{74F81B8D-6DB5-430E-808F-696DE19065B2}.Debug|Any CPU.ActiveCfg = Debug|Any CPU
		{74F81B8D-6DB5-430E-808F-696DE19065B2}.Debug|Any CPU.Build.0 = Debug|Any CPU
		{74F81B8D-6DB5-430E-808F-696DE19065B2}.Release|Any CPU.ActiveCfg = Release|Any CPU
		{74F81B8D-6DB5-430E-808F-696DE19065B2}.Release|Any CPU.Build.0 = Release|Any CPU
	EndGlobalSection
	GlobalSection(SolutionProperties) = preSolution
		HideSolutionNode = FALSE
	EndGlobalSection
	GlobalSection(ExtensibilityGlobals) = postSolution
		SolutionGuid = {CC6ED9D9-B386-44E5-A87D-D9B71AE50CC0}
	EndGlobalSection
EndGlobal
